
Microsoft Visual Studio Solution File, Format Version 12.00
# Visual Studio Version 17
VisualStudioVersion = 17.13.35931.197 d17.13
MinimumVisualStudioVersion = 10.0.40219.1
Project("{FAE04EC0-301F-11D3-BF4B-00C04F79EFBC}") = "Library Book Borrowing System", "Library Book Borrowing System\Library Book Borrowing System.csproj", "{9E9A0EDF-8761-4165-99AE-1B95BF5E77E5}"
EndProject
Global
	GlobalSection(SolutionConfigurationPlatforms) = preSolution
		Debug|Any CPU = Debug|Any CPU
		Release|Any CPU = Release|Any CPU
	EndGlobalSection
	GlobalSection(ProjectConfigurationPlatforms) = postSolution
		{9E9A0EDF-8761-4165-99AE-1B95BF5E77E5}.Debug|Any CPU.ActiveCfg = Debug|Any CPU
		{9E9A0EDF-8761-4165-99AE-1B95BF5E77E5}.Debug|Any CPU.Build.0 = Debug|Any CPU
		{9E9A0EDF-8761-4165-99AE-1B95BF5E77E5}.Release|Any CPU.ActiveCfg = Release|Any CPU
		{9E9A0EDF-8761-4165-99AE-1B95BF5E77E5}.Release|Any CPU.Build.0 = Release|Any CPU
	EndGlobalSection
	GlobalSection(SolutionProperties) = preSolution
		HideSolutionNode = FALSE
	EndGlobalSection
	GlobalSection(ExtensibilityGlobals) = postSolution
		SolutionGuid = {DAD38424-4017-4899-B15E-FED4A4775FE1}
	EndGlobalSection
EndGlobal
